<?xml version="1.0" encoding="utf-8"?>
<Project ToolsVersion="4.0" xmlns="http://schemas.microsoft.com/developer/msbuild/2003">
  <ItemGroup>
    <ClCompile Include="WinMain.cpp">
      <Filter>Source</Filter>
    </ClCompile>
    <ClCompile Include="Engine\EngineCore.cpp">
      <Filter>Source\Engine</Filter>
    </ClCompile>
    <ClCompile Include="Engine\Logger\PLogger.cpp">
      <Filter>Source\Engine\Logger</Filter>
    </ClCompile>
    <ClCompile Include="Engine\Base\StringConverter.cpp">
      <Filter>Source\Engine\Base</Filter>
    </ClCompile>
    <ClCompile Include="Engine\Window\RenderWindow.cpp">
      <Filter>Source\Engine\Window</Filter>
    </ClCompile>
    <ClCompile Include="Engine\Window\WindowContainer.cpp">
      <Filter>Source\Engine\Window</Filter>
    </ClCompile>
    <ClCompile Include="Engine\Keyboard\KeyboardDevice.cpp">
      <Filter>Source\Engine\Keyboard</Filter>
    </ClCompile>
    <ClCompile Include="Engine\Keyboard\KeyboardEvent.cpp">
      <Filter>Source\Engine\Keyboard</Filter>
    </ClCompile>
    <ClCompile Include="Engine\Mouse\MouseDevice.cpp">
      <Filter>Source\Engine\Mouse</Filter>
    </ClCompile>
    <ClCompile Include="Engine\Mouse\MouseEvent.cpp">
      <Filter>Source\Engine\Mouse</Filter>
    </ClCompile>
    <ClCompile Include="Engine\Graphics\Graphics.cpp">
      <Filter>Source\Engine\Graphics</Filter>
    </ClCompile>
    <ClCompile Include="Engine\Graphics\GraphicAdapterReader.cpp">
      <Filter>Source\Engine\Graphics</Filter>
    </ClCompile>
    <ClCompile Include="Engine\Graphics\Shaders.cpp">
      <Filter>Source\Engine\Graphics</Filter>
    </ClCompile>
    <ClCompile Include="Generic\PathHelper.cpp">
      <Filter>Source\Generic</Filter>
    </ClCompile>
  </ItemGroup>
  <ItemGroup>
    <ClInclude Include="Engine\EngineCore.h">
      <Filter>Header\Engine</Filter>
    </ClInclude>
    <ClInclude Include="Engine\Logger\PLogger.h">
      <Filter>Header\Engine\Logger</Filter>
    </ClInclude>
    <ClInclude Include="Engine\Base\StringConverter.h">
      <Filter>Header\Engine\Base</Filter>
    </ClInclude>
    <ClInclude Include="Engine\Window\RenderWindow.h">
      <Filter>Header\Engine\Window</Filter>
    </ClInclude>
    <ClInclude Include="Engine\Window\WindowContainer.h">
      <Filter>Header\Engine\Window</Filter>
    </ClInclude>
    <ClInclude Include="Engine\Keyboard\KeyboardDevice.h">
      <Filter>Header\Engine\Keyboard</Filter>
    </ClInclude>
    <ClInclude Include="Engine\Window\IWindowContainer.h">
      <Filter>Header\Engine\Window</Filter>
    </ClInclude>
    <ClInclude Include="Engine\Keyboard\KeyboardEvent.h">
      <Filter>Header\Engine\Keyboard</Filter>
    </ClInclude>
    <ClInclude Include="Engine\Mouse\MouseDevice.h">
      <Filter>Header\Engine\Mouse</Filter>
    </ClInclude>
    <ClInclude Include="Engine\Mouse\MouseEvent.h">
      <Filter>Header\Engine\Mouse</Filter>
    </ClInclude>
    <ClInclude Include="Engine\Graphics\Graphics.h">
      <Filter>Header\Engine\Graphics</Filter>
    </ClInclude>
    <ClInclude Include="Engine\Graphics\Vertex.h">
      <Filter>Header\Engine\Graphics</Filter>
    </ClInclude>
    <ClInclude Include="Engine\Graphics\GraphicAdapterReader.h">
      <Filter>Header\Engine\Graphics</Filter>
    </ClInclude>
    <ClInclude Include="Engine\Graphics\Shaders.h">
      <Filter>Header\Engine\Graphics</Filter>
    </ClInclude>
    <ClInclude Include="Generic\PathHelper.h">
      <Filter>Header\Generic</Filter>
    </ClInclude>
  </ItemGroup>
  <ItemGroup>
    <Filter Include="Header">
      <UniqueIdentifier>{1e4afcd0-510d-4f1d-9cce-52a7ced0ecbc}</UniqueIdentifier>
    </Filter>
    <Filter Include="Source">
      <UniqueIdentifier>{ed59065c-56fb-4efc-9297-1f52dcca4f5f}</UniqueIdentifier>
    </Filter>
    <Filter Include="Header\Engine">
      <UniqueIdentifier>{3009bad0-8dc1-43a3-85be-db911ce355c7}</UniqueIdentifier>
    </Filter>
    <Filter Include="Source\Engine">
      <UniqueIdentifier>{b48fde03-8484-4cca-bff5-33086b595e43}</UniqueIdentifier>
    </Filter>
    <Filter Include="Header\Engine\Logger">
      <UniqueIdentifier>{576c13e2-fe69-497b-904c-0214b6c8076b}</UniqueIdentifier>
    </Filter>
    <Filter Include="Header\Engine\Base">
      <UniqueIdentifier>{04cd1176-cd72-4158-9a87-68a8285ba237}</UniqueIdentifier>
    </Filter>
    <Filter Include="Header\Engine\Window">
      <UniqueIdentifier>{55c70149-93a1-4286-9d1f-ebfd4d4deeab}</UniqueIdentifier>
    </Filter>
    <Filter Include="Source\Engine\Logger">
      <UniqueIdentifier>{8f6d5c0b-f569-4a9b-b833-2988c1a6ee77}</UniqueIdentifier>
    </Filter>
    <Filter Include="Source\Engine\Base">
      <UniqueIdentifier>{835686a8-644c-422b-8b55-f465ef465077}</UniqueIdentifier>
    </Filter>
    <Filter Include="Source\Engine\Window">
      <UniqueIdentifier>{d98da19b-aea3-41bb-8936-142df5e6d18a}</UniqueIdentifier>
    </Filter>
    <Filter Include="Source\Engine\Keyboard">
      <UniqueIdentifier>{7c61ead7-8ec8-4d02-8516-c85f2304beae}</UniqueIdentifier>
    </Filter>
    <Filter Include="Header\Engine\Keyboard">
      <UniqueIdentifier>{2d915ab8-bd54-4d01-8797-ab27fd48aea2}</UniqueIdentifier>
    </Filter>
    <Filter Include="Header\Engine\Mouse">
      <UniqueIdentifier>{2ef05c3c-bd07-46e1-85c9-50bfcbfd9acc}</UniqueIdentifier>
    </Filter>
    <Filter Include="Source\Engine\Mouse">
      <UniqueIdentifier>{6725ef58-5378-47b1-8012-1cce5e341838}</UniqueIdentifier>
    </Filter>
    <Filter Include="Source\Engine\Graphics">
      <UniqueIdentifier>{efe99d75-776f-4e37-96f9-42f8a98aea22}</UniqueIdentifier>
    </Filter>
    <Filter Include="Header\Engine\Graphics">
      <UniqueIdentifier>{68a7ea15-37ae-41bd-9305-9c49268c1f83}</UniqueIdentifier>
    </Filter>
    <Filter Include="Source\Shaders">
      <UniqueIdentifier>{294bca40-35c3-457a-9be7-85667b75b63c}</UniqueIdentifier>
    </Filter>
    <Filter Include="Header\Generic">
      <UniqueIdentifier>{6fa40496-7214-4f5d-af61-1712b620c66e}</UniqueIdentifier>
    </Filter>
    <Filter Include="Source\Generic">
      <UniqueIdentifier>{684bb9f2-39ca-41a9-a0a9-85784c52d915}</UniqueIdentifier>
    </Filter>
  </ItemGroup>
  <ItemGroup>
    <Text Include="依赖关系.txt" />
  </ItemGroup>
  <ItemGroup>
    <FxCompile Include="Data\Shaders\vertexshader.hlsl">
      <Filter>Source\Shaders</Filter>
    </FxCompile>
    <FxCompile Include="Data\Shaders\pixelshader.hlsl">
      <Filter>Source\Shaders</Filter>
    </FxCompile>
  </ItemGroup>
</Project>